
Microsoft Visual Studio Solution File, Format Version 12.00
# Visual Studio Version 17
VisualStudioVersion = 17.3.32825.248
MinimumVisualStudioVersion = 10.0.40219.1
Project("{FAE04EC0-301F-11D3-BF4B-00C04F79EFBC}") = "operators", "operators\operators.csproj", "{247C774C-2108-4A3E-A0A9-346A5D3D9820}"
EndProject
Global
	GlobalSection(SolutionConfigurationPlatforms) = preSolution
		Debug|Any CPU = Debug|Any CPU
		Release|Any CPU = Release|Any CPU
	EndGlobalSection
	GlobalSection(ProjectConfigurationPlatforms) = postSolution
		{247C774C-2108-4A3E-A0A9-346A5D3D9820}.Debug|Any CPU.ActiveCfg = Debug|Any CPU
		{247C774C-2108-4A3E-A0A9-346A5D3D9820}.Debug|Any CPU.Build.0 = Debug|Any CPU
		{247C774C-2108-4A3E-A0A9-346A5D3D9820}.Release|Any CPU.ActiveCfg = Release|Any CPU
		{247C774C-2108-4A3E-A0A9-346A5D3D9820}.Release|Any CPU.Build.0 = Release|Any CPU
	EndGlobalSection
	GlobalSection(SolutionProperties) = preSolution
		HideSolutionNode = FALSE
	EndGlobalSection
	GlobalSection(ExtensibilityGlobals) = postSolution
		SolutionGuid = {130B88AC-0781-4AF1-8C3F-764A484D074C}
	EndGlobalSection
EndGlobal
